
Microsoft Visual Studio Solution File, Format Version 12.00
# Visual Studio Version 16
VisualStudioVersion = 16.0.28803.352
MinimumVisualStudioVersion = 10.0.40219.1
Project("{FAE04EC0-301F-11D3-BF4B-00C04F79EFBC}") = "MeetingParser", "MeetingParser\MeetingParser.csproj", "{2DD92098-8BE4-4074-84CD-36CF70D1BE93}"
EndProject
Global
	GlobalSection(SolutionConfigurationPlatforms) = preSolution
		Debug|Any CPU = Debug|Any CPU
		Release|Any CPU = Release|Any CPU
	EndGlobalSection
	GlobalSection(ProjectConfigurationPlatforms) = postSolution
		{2DD92098-8BE4-4074-84CD-36CF70D1BE93}.Debug|Any CPU.ActiveCfg = Debug|Any CPU
		{2DD92098-8BE4-4074-84CD-36CF70D1BE93}.Debug|Any CPU.Build.0 = Debug|Any CPU
		{2DD92098-8BE4-4074-84CD-36CF70D1BE93}.Release|Any CPU.ActiveCfg = Release|Any CPU
		{2DD92098-8BE4-4074-84CD-36CF70D1BE93}.Release|Any CPU.Build.0 = Release|Any CPU
	EndGlobalSection
	GlobalSection(SolutionProperties) = preSolution
		HideSolutionNode = FALSE
	EndGlobalSection
	GlobalSection(ExtensibilityGlobals) = postSolution
		SolutionGuid = {F2929548-CD36-410B-8BD0-94C6E7D94297}
	EndGlobalSection
EndGlobal
